
Microsoft Visual Studio Solution File, Format Version 12.00
# Visual Studio Version 16
VisualStudioVersion = 16.0.29209.62
MinimumVisualStudioVersion = 10.0.40219.1
Project("{FAE04EC0-301F-11D3-BF4B-00C04F79EFBC}") = "MarvelTest", "MarvelTest\MarvelTest.csproj", "{C8F4AA5F-14A8-4252-9E52-10FBFA87F747}"
EndProject
Global
	GlobalSection(SolutionConfigurationPlatforms) = preSolution
		Debug|Any CPU = Debug|Any CPU
		Release|Any CPU = Release|Any CPU
	EndGlobalSection
	GlobalSection(ProjectConfigurationPlatforms) = postSolution
		{C8F4AA5F-14A8-4252-9E52-10FBFA87F747}.Debug|Any CPU.ActiveCfg = Debug|Any CPU
		{C8F4AA5F-14A8-4252-9E52-10FBFA87F747}.Debug|Any CPU.Build.0 = Debug|Any CPU
		{C8F4AA5F-14A8-4252-9E52-10FBFA87F747}.Release|Any CPU.ActiveCfg = Release|Any CPU
		{C8F4AA5F-14A8-4252-9E52-10FBFA87F747}.Release|Any CPU.Build.0 = Release|Any CPU
	EndGlobalSection
	GlobalSection(SolutionProperties) = preSolution
		HideSolutionNode = FALSE
	EndGlobalSection
	GlobalSection(ExtensibilityGlobals) = postSolution
		SolutionGuid = {C678A63C-35A5-4071-83F7-00F7D5CE125B}
	EndGlobalSection
EndGlobal
